
Microsoft Visual Studio Solution File, Format Version 12.00
# Visual Studio 14
VisualStudioVersion = 14.0.23107.0
MinimumVisualStudioVersion = 10.0.40219.1
Project("{F2A71F9B-5D33-465A-A702-920D77279786}") = "Chapter3", "Chapter3\Chapter3.fsproj", "{344F965B-1C69-4310-80B3-D0130DE0624B}"
EndProject
Project("{F2A71F9B-5D33-465A-A702-920D77279786}") = "Chapter4", "Chapter4\Chapter4.fsproj", "{8C0FD413-EC61-4096-AE41-7F3748FFC662}"
EndProject
Project("{F2A71F9B-5D33-465A-A702-920D77279786}") = "Chapter5", "Chapter5\Chapter5.fsproj", "{D8C37671-F3B5-4240-9FED-81B0AB89C1B6}"
EndProject
Project("{F2A71F9B-5D33-465A-A702-920D77279786}") = "Chapter6", "Chapter6\Chapter6.fsproj", "{C1551736-216F-43EE-9C85-5C0D7E97A63E}"
EndProject
Global
	GlobalSection(SolutionConfigurationPlatforms) = preSolution
		Debug|Any CPU = Debug|Any CPU
		Release|Any CPU = Release|Any CPU
	EndGlobalSection
	GlobalSection(ProjectConfigurationPlatforms) = postSolution
		{344F965B-1C69-4310-80B3-D0130DE0624B}.Debug|Any CPU.ActiveCfg = Debug|Any CPU
		{344F965B-1C69-4310-80B3-D0130DE0624B}.Debug|Any CPU.Build.0 = Debug|Any CPU
		{344F965B-1C69-4310-80B3-D0130DE0624B}.Release|Any CPU.ActiveCfg = Release|Any CPU
		{344F965B-1C69-4310-80B3-D0130DE0624B}.Release|Any CPU.Build.0 = Release|Any CPU
		{8C0FD413-EC61-4096-AE41-7F3748FFC662}.Debug|Any CPU.ActiveCfg = Debug|Any CPU
		{8C0FD413-EC61-4096-AE41-7F3748FFC662}.Debug|Any CPU.Build.0 = Debug|Any CPU
		{8C0FD413-EC61-4096-AE41-7F3748FFC662}.Release|Any CPU.ActiveCfg = Release|Any CPU
		{8C0FD413-EC61-4096-AE41-7F3748FFC662}.Release|Any CPU.Build.0 = Release|Any CPU
		{D8C37671-F3B5-4240-9FED-81B0AB89C1B6}.Debug|Any CPU.ActiveCfg = Debug|Any CPU
		{D8C37671-F3B5-4240-9FED-81B0AB89C1B6}.Debug|Any CPU.Build.0 = Debug|Any CPU
		{D8C37671-F3B5-4240-9FED-81B0AB89C1B6}.Release|Any CPU.ActiveCfg = Release|Any CPU
		{D8C37671-F3B5-4240-9FED-81B0AB89C1B6}.Release|Any CPU.Build.0 = Release|Any CPU
		{C1551736-216F-43EE-9C85-5C0D7E97A63E}.Debug|Any CPU.ActiveCfg = Debug|Any CPU
		{C1551736-216F-43EE-9C85-5C0D7E97A63E}.Debug|Any CPU.Build.0 = Debug|Any CPU
		{C1551736-216F-43EE-9C85-5C0D7E97A63E}.Release|Any CPU.ActiveCfg = Release|Any CPU
		{C1551736-216F-43EE-9C85-5C0D7E97A63E}.Release|Any CPU.Build.0 = Release|Any CPU
	EndGlobalSection
	GlobalSection(SolutionProperties) = preSolution
		HideSolutionNode = FALSE
	EndGlobalSection
EndGlobal
